<?xml version="1.0" encoding="utf-8"?>
<Project ToolsVersion="4.0" xmlns="http://schemas.microsoft.com/developer/msbuild/2003">
  <ItemGroup>
    <Filter Include="Source Files">
      <UniqueIdentifier>{4FC737F1-C7A5-4376-A066-2A32D752A2FF}</UniqueIdentifier>
      <Extensions>cpp;c;cc;cxx;c++;cppm;ixx;def;odl;idl;hpj;bat;asm;asmx</Extensions>
    </Filter>
    <Filter Include="Header Files">
      <UniqueIdentifier>{93995380-89BD-4b04-88EB-625FBE52EBFB}</UniqueIdentifier>
      <Extensions>h;hh;hpp;hxx;h++;hm;inl;inc;ipp;xsd</Extensions>
    </Filter>
    <Filter Include="Resource Files">
      <UniqueIdentifier>{67DA6AB6-F800-4c08-8B7A-83BB121AAD01}</UniqueIdentifier>
      <Extensions>rc;ico;cur;bmp;dlg;rc2;rct;bin;rgs;gif;jpg;jpeg;jpe;resx;tiff;tif;png;wav;mfcribbon-ms</Extensions>
    </Filter>
    <Filter Include="Source Files\Core">
      <UniqueIdentifier>{65d0fe7e-d04e-462c-8ad7-310b0baa6c99}</UniqueIdentifier>
    </Filter>
    <Filter Include="Source Files\App">
      <UniqueIdentifier>{fa0fe512-4bff-4e3d-9300-b800d16a5e3b}</UniqueIdentifier>
    </Filter>
    <Filter Include="Header Files\Core">
      <UniqueIdentifier>{b487e561-7498-4be1-9d3a-52a50241246f}</UniqueIdentifier>
    </Filter>
    <Filter Include="Source Files\Util">
      <UniqueIdentifier>{b575b912-0c4e-4b36-94a8-5d881aa33345}</UniqueIdentifier>
    </Filter>
    <Filter Include="Header Files\Util">
      <UniqueIdentifier>{029816f6-edce-46fc-97d6-f3ce74ffd70f}</UniqueIdentifier>
    </Filter>
    <Filter Include="Header Files\App">
      <UniqueIdentifier>{de6c930c-a0be-4171-98dd-84a2ac5df992}</UniqueIdentifier>
    </Filter>
  </ItemGroup>
  <ItemGroup>
    <ClCompile Include="PGRSEM.cpp">
      <Filter>Source Files</Filter>
    </ClCompile>
    <ClCompile Include="PyramidGenerator.cpp">
      <Filter>Source Files\Util</Filter>
    </ClCompile>
    <ClCompile Include="ElementBuffer.cpp">
      <Filter>Source Files\Core</Filter>
    </ClCompile>
    <ClCompile Include="Renderer.cpp">
      <Filter>Source Files\Core</Filter>
    </ClCompile>
    <ClCompile Include="Shader.cpp">
      <Filter>Source Files\Core</Filter>
    </ClCompile>
    <ClCompile Include="VertexArray.cpp">
      <Filter>Source Files\Core</Filter>
    </ClCompile>
    <ClCompile Include="VertexBuffer.cpp">
      <Filter>Source Files\Core</Filter>
    </ClCompile>
    <ClCompile Include="Camera.cpp">
      <Filter>Source Files\Util</Filter>
    </ClCompile>
    <ClCompile Include="Objects.cpp">
      <Filter>Source Files\App</Filter>
    </ClCompile>
    <ClCompile Include="Curve.cpp">
      <Filter>Source Files\Util</Filter>
    </ClCompile>
  </ItemGroup>
  <ItemGroup>
    <None Include="per_fragment_shader_nofog.frag">
      <Filter>Resource Files</Filter>
    </None>
    <None Include="per_fragment_shader_nofog.vert">
      <Filter>Resource Files</Filter>
    </None>
    <None Include="skybox_shader.frag">
      <Filter>Resource Files</Filter>
    </None>
    <None Include="skybox_shader.vert">
      <Filter>Resource Files</Filter>
    </None>
    <None Include="per_fragment_shader.frag">
      <Filter>Resource Files</Filter>
    </None>
    <None Include="per_fragment_shader.vert">
      <Filter>Resource Files</Filter>
    </None>
    <None Include="per_fragment_shader_move.vert">
      <Filter>Resource Files</Filter>
    </None>
    <None Include="per_fragment_shader_move.frag">
      <Filter>Resource Files</Filter>
    </None>
    <None Include="per_fragment_shader_geometry.frag">
      <Filter>Resource Files</Filter>
    </None>
    <None Include="per_fragment_shader_geometry.vert">
      <Filter>Resource Files</Filter>
    </None>
    <None Include="per_fragment_shader_billboard.frag">
      <Filter>Resource Files</Filter>
    </None>
    <None Include="per_fragment_shader_billboard.vert">
      <Filter>Resource Files</Filter>
    </None>
  </ItemGroup>
  <ItemGroup>
    <ClInclude Include="PyramidGenerator.h">
      <Filter>Header Files\Util</Filter>
    </ClInclude>
    <ClInclude Include="ElementBuffer.h">
      <Filter>Header Files\Core</Filter>
    </ClInclude>
    <ClInclude Include="Renderer.h">
      <Filter>Header Files\Core</Filter>
    </ClInclude>
    <ClInclude Include="Shader.h">
      <Filter>Header Files\Core</Filter>
    </ClInclude>
    <ClInclude Include="VertexArray.h">
      <Filter>Header Files\Core</Filter>
    </ClInclude>
    <ClInclude Include="VertexBuffer.h">
      <Filter>Header Files\Core</Filter>
    </ClInclude>
    <ClInclude Include="VertexBufferLayout.h">
      <Filter>Header Files\Core</Filter>
    </ClInclude>
    <ClInclude Include="Camera.h">
      <Filter>Header Files\Util</Filter>
    </ClInclude>
    <ClInclude Include="MeshData.h">
      <Filter>Header Files\App</Filter>
    </ClInclude>
    <ClInclude Include="Objects.h">
      <Filter>Header Files\App</Filter>
    </ClInclude>
    <ClInclude Include="CameraSystem.h">
      <Filter>Header Files\App</Filter>
    </ClInclude>
    <ClInclude Include="SkyboxData.h">
      <Filter>Header Files\App</Filter>
    </ClInclude>
    <ClInclude Include="Curve.h">
      <Filter>Header Files\Util</Filter>
    </ClInclude>
    <ClInclude Include="SpectateParameters.h">
      <Filter>Header Files\App</Filter>
    </ClInclude>
    <ClInclude Include="AppParameters.h">
      <Filter>Header Files\App</Filter>
    </ClInclude>
  </ItemGroup>
</Project>